
Microsoft Visual Studio Solution File, Format Version 12.00
# Visual Studio Version 17
VisualStudioVersion = 17.3.32929.385
MinimumVisualStudioVersion = 10.0.40219.1
Project("{FAE04EC0-301F-11D3-BF4B-00C04F79EFBC}") = "console dersi 2", "console dersi 2\console dersi 2.csproj", "{5B6FEFE3-807C-4DCD-A162-BD26669AC96E}"
EndProject
Global
	GlobalSection(SolutionConfigurationPlatforms) = preSolution
		Debug|Any CPU = Debug|Any CPU
		Release|Any CPU = Release|Any CPU
	EndGlobalSection
	GlobalSection(ProjectConfigurationPlatforms) = postSolution
		{5B6FEFE3-807C-4DCD-A162-BD26669AC96E}.Debug|Any CPU.ActiveCfg = Debug|Any CPU
		{5B6FEFE3-807C-4DCD-A162-BD26669AC96E}.Debug|Any CPU.Build.0 = Debug|Any CPU
		{5B6FEFE3-807C-4DCD-A162-BD26669AC96E}.Release|Any CPU.ActiveCfg = Release|Any CPU
		{5B6FEFE3-807C-4DCD-A162-BD26669AC96E}.Release|Any CPU.Build.0 = Release|Any CPU
	EndGlobalSection
	GlobalSection(SolutionProperties) = preSolution
		HideSolutionNode = FALSE
	EndGlobalSection
	GlobalSection(ExtensibilityGlobals) = postSolution
		SolutionGuid = {D553A78A-127C-45A7-858B-B1F5B15EB89C}
	EndGlobalSection
EndGlobal
